
Microsoft Visual Studio Solution File, Format Version 12.00
Project("{FAE04EC0-301F-11D3-BF4B-00C04F79EFBC}") = "SurveyApplication", "SurveyApplication\SurveyApplication.csproj", "{EEA4C454-5984-46AD-9B79-F9C2324D049C}"
EndProject
Project("{FAE04EC0-301F-11D3-BF4B-00C04F79EFBC}") = "SurveyBusinessLayer", "SurveyBusinessLayer\SurveyBusinessLayer.csproj", "{B834C1CA-0975-4F72-B104-8EB9F422C0C2}"
EndProject
Project("{FAE04EC0-301F-11D3-BF4B-00C04F79EFBC}") = "SurveyDataAccessLayer", "SurveyDataAccessLayer\SurveyDataAccessLayer.csproj", "{E0AA47FC-D96C-438A-B456-794410F8C474}"
EndProject
Project("{FAE04EC0-301F-11D3-BF4B-00C04F79EFBC}") = "Entities", "Entities\Entities.csproj", "{46562AD7-A4BD-48D3-92EE-2391A1095A80}"
EndProject
Global
	GlobalSection(SolutionConfigurationPlatforms) = preSolution
		Debug|Any CPU = Debug|Any CPU
		Release|Any CPU = Release|Any CPU
	EndGlobalSection
	GlobalSection(ProjectConfigurationPlatforms) = postSolution
		{EEA4C454-5984-46AD-9B79-F9C2324D049C}.Debug|Any CPU.ActiveCfg = Debug|Any CPU
		{EEA4C454-5984-46AD-9B79-F9C2324D049C}.Debug|Any CPU.Build.0 = Debug|Any CPU
		{EEA4C454-5984-46AD-9B79-F9C2324D049C}.Release|Any CPU.ActiveCfg = Release|Any CPU
		{EEA4C454-5984-46AD-9B79-F9C2324D049C}.Release|Any CPU.Build.0 = Release|Any CPU
		{B834C1CA-0975-4F72-B104-8EB9F422C0C2}.Debug|Any CPU.ActiveCfg = Debug|Any CPU
		{B834C1CA-0975-4F72-B104-8EB9F422C0C2}.Debug|Any CPU.Build.0 = Debug|Any CPU
		{B834C1CA-0975-4F72-B104-8EB9F422C0C2}.Release|Any CPU.ActiveCfg = Release|Any CPU
		{B834C1CA-0975-4F72-B104-8EB9F422C0C2}.Release|Any CPU.Build.0 = Release|Any CPU
		{E0AA47FC-D96C-438A-B456-794410F8C474}.Debug|Any CPU.ActiveCfg = Debug|Any CPU
		{E0AA47FC-D96C-438A-B456-794410F8C474}.Debug|Any CPU.Build.0 = Debug|Any CPU
		{E0AA47FC-D96C-438A-B456-794410F8C474}.Release|Any CPU.ActiveCfg = Release|Any CPU
		{E0AA47FC-D96C-438A-B456-794410F8C474}.Release|Any CPU.Build.0 = Release|Any CPU
		{46562AD7-A4BD-48D3-92EE-2391A1095A80}.Debug|Any CPU.ActiveCfg = Debug|Any CPU
		{46562AD7-A4BD-48D3-92EE-2391A1095A80}.Debug|Any CPU.Build.0 = Debug|Any CPU
		{46562AD7-A4BD-48D3-92EE-2391A1095A80}.Release|Any CPU.ActiveCfg = Release|Any CPU
		{46562AD7-A4BD-48D3-92EE-2391A1095A80}.Release|Any CPU.Build.0 = Release|Any CPU
	EndGlobalSection
EndGlobal
